lockfileVersion: '9.0'

settings:
  autoInstallPeers: true
  excludeLinksFromLockfile: false

importers:

  .:
    devDependencies:
      '@tsconfig/node12':
        specifier: ^12.1.4
        version: 12.1.4
      '@types/node':
        specifier: '12'
        version: 12.20.55
      typescript:
        specifier: ^5.7.2
        version: 5.7.2

packages:

  '@tsconfig/node12@12.1.4':
    resolution: {integrity: sha512-0KoYJG4IOL99qNFpQEyLJ8ZKQ+xBVBrgpN63Hepk2WHqt9wBggSRQltrzVxk4e1ZTnEFCs+8CGefr2hevDg9vg==}

  '@types/node@12.20.55':
    resolution: {integrity: sha512-J8xLz7q2OFulZ2cyGTLE1TbbZcjpno7FaN6zdJNrgAdrJ+DZzh/uFR6YrTb4C+nXakvud8Q4+rbhoIWlYQbUFQ==}

  typescript@5.7.2:
    resolution: {integrity: sha512-i5t66RHxDvVN40HfDd1PsEThGNnlMCMT3jMUuoh9/0TaqWevNontacunWyN02LA9/fIbEWlcHZcgTKb9QoaLfg==}
    engines: {node: '>=14.17'}
    hasBin: true

snapshots:

  '@tsconfig/node12@12.1.4': {}

  '@types/node@12.20.55': {}

  typescript@5.7.2: {}
